{
  "name": "ProSidebar",
  "lockfileVersion": 3,
  "requires": true,
  "packages": {
    "": {
      "dependencies": {
        "import": "^0.0.6",
        "normalize.css": "^8.0.1"
      }
    },
    "node_modules/import": {
      "version": "0.0.6",
      "resolved": "https://registry.npmjs.org/import/-/import-0.0.6.tgz",
      "integrity": "sha512-QPhTdjy9J4wUzmWSG7APkSgMFuPGPw+iJTYUblcfc2AfpqaatbwgCldK1HoLYx+v/+lWvab63GWZtNkcnj9JcQ==",
      "dependencies": {
        "optimist": "0.3.x"
      },
      "bin": {
        "import": "import"
      },
      "engines": {
        "node": ">=0.10.0"
      }
    },
    "node_modules/normalize.css": {
      "version": "8.0.1",
      "resolved": "https://registry.npmjs.org/normalize.css/-/normalize.css-8.0.1.tgz",
      "integrity": "sha512-qizSNPO93t1YUuUhP22btGOo3chcvDFqFaj2TRybP0DMxkHOCTYwp3n34fel4a31ORXy4m1Xq0Gyqpb5m33qIg=="
    },
    "node_modules/optimist": {
      "version": "0.3.7",
      "resolved": "https://registry.npmjs.org/optimist/-/optimist-0.3.7.tgz",
      "integrity": "sha512-TCx0dXQzVtSCg2OgY/bO9hjM9cV4XYx09TVK+s3+FhkjT6LovsLe+pPMzpWf+6yXK/hUizs2gUoTw3jHM0VaTQ==",
      "dependencies": {
        "wordwrap": "~0.0.2"
      }
    },
    "node_modules/wordwrap": {
      "version": "0.0.3",
      "resolved": "https://registry.npmjs.org/wordwrap/-/wordwrap-0.0.3.tgz",
      "integrity": "sha512-1tMA907+V4QmxV7dbRvb4/8MaRALK6q9Abid3ndMYnbyo8piisCmeONVqVSXqQA3KaP4SLt5b7ud6E2sqP8TFw==",
      "engines": {
        "node": ">=0.4.0"
      }
    }
  }
}
